{
	"name": "mm_uniapp",
	"version": "1.0.0",
	"lockfileVersion": 1,
	"requires": true,
	"dependencies": {
		"deep-equal": {
			"version": "1.0.1",
			"resolved": "https://registry.npmjs.org/deep-equal/-/deep-equal-1.0.1.tgz",
			"integrity": "sha1-9dJgKStmDghO/0zbyfCK0yR0SLU="
		},
		"echarts": {
			"version": "4.2.1",
			"resolved": "https://registry.npmjs.org/echarts/-/echarts-4.2.1.tgz",
			"integrity": "sha512-pw4xScRPsLegD/cqEcoXRKeA2SD4+s+Kyo0Na166NamOWhzNl2yI5RZ2rE97tBlAopNmhyMeBVpAeD5qb+ee1A==",
			"requires": {
				"zrender": "4.0.7"
			}
		},
		"jquery": {
			"version": "3.4.1",
			"resolved": "https://registry.npmjs.org/jquery/-/jquery-3.4.1.tgz",
			"integrity": "sha512-36+AdBzCL+y6qjw5Tx7HgzeGCzC81MDDgaUP8ld2zhx58HdqXGoBd+tHdrBMiyjGQs0Hxs/MLZTu/eHNJJuWPw=="
		},
		"tki-qrcode": {
			"version": "0.1.5",
			"resolved": "https://registry.npmjs.org/tki-qrcode/-/tki-qrcode-0.1.5.tgz",
			"integrity": "sha512-zxRe5g7Lt7yHpuNs7OTHpZPsg8NBo/lfowtQqC4ERdfHZgGPN6FIqr98KUg9lgple3CNVnpQG31AfWZYyJZgrw=="
		},
		"vue": {
			"version": "2.6.10",
			"resolved": "https://registry.npmjs.org/vue/-/vue-2.6.10.tgz",
			"integrity": "sha512-ImThpeNU9HbdZL3utgMCq0oiMzAkt1mcgy3/E6zWC/G6AaQoeuFdsl9nDhTDU3X1R6FK7nsIUuRACVcjI+A2GQ=="
		},
		"vue-ba": {
			"version": "1.2.5",
			"resolved": "https://registry.npmjs.org/vue-ba/-/vue-ba-1.2.5.tgz",
			"integrity": "sha1-/vMHMu50mmWoGk9HETUn7kH9pks=",
			"requires": {
				"deep-equal": "^1.0.1",
				"vue": "^2.3.3"
			}
		},
		"zrender": {
			"version": "4.0.7",
			"resolved": "https://registry.npmjs.org/zrender/-/zrender-4.0.7.tgz",
			"integrity": "sha512-TNloHe0ums6zxbHfnaCryM61J4IWDajZwNq6dHk9vfWhhysO/OeFvvR0drBs/nbXha2YxSzfQj2FiCd6RVBe+Q=="
		}
	}
}
